
Microsoft Visual Studio Solution File, Format Version 12.00
# Visual Studio 15
VisualStudioVersion = 15.0.28010.2041
MinimumVisualStudioVersion = 10.0.40219.1
Project("{FAE04EC0-301F-11D3-BF4B-00C04F79EFBC}") = "NF.ConsoleApp.NewBD", "NF.ConsoleApp.NewBD\NF.ConsoleApp.NewBD.csproj", "{CA863951-694E-4278-9E31-F48798828FB3}"
EndProject
Global
	GlobalSection(SolutionConfigurationPlatforms) = preSolution
		Debug|Any CPU = Debug|Any CPU
		Release|Any CPU = Release|Any CPU
	EndGlobalSection
	GlobalSection(ProjectConfigurationPlatforms) = postSolution
		{CA863951-694E-4278-9E31-F48798828FB3}.Debug|Any CPU.ActiveCfg = Debug|Any CPU
		{CA863951-694E-4278-9E31-F48798828FB3}.Debug|Any CPU.Build.0 = Debug|Any CPU
		{CA863951-694E-4278-9E31-F48798828FB3}.Release|Any CPU.ActiveCfg = Release|Any CPU
		{CA863951-694E-4278-9E31-F48798828FB3}.Release|Any CPU.Build.0 = Release|Any CPU
	EndGlobalSection
	GlobalSection(SolutionProperties) = preSolution
		HideSolutionNode = FALSE
	EndGlobalSection
	GlobalSection(ExtensibilityGlobals) = postSolution
		SolutionGuid = {3E119B98-3897-4F9B-898B-046A9169BA64}
	EndGlobalSection
EndGlobal
